// !$*UTF8*$!
{
	archiveVersion = 1;
	classes = {
	};
	objectVersion = 55;
	objects = {

/* Begin PBXBuildFile section */
		04C70220270E2A9300FF8A27 /* AppDelegate.swift in Sources */ = {isa = PBXBuildFile; fileRef = 04C7021F270E2A9300FF8A27 /* AppDelegate.swift */; };
		04C70222270E2A9300FF8A27 /* SceneDelegate.swift in Sources */ = {isa = PBXBuildFile; fileRef = 04C70221270E2A9300FF8A27 /* SceneDelegate.swift */; };
		04C70224270E2A9300FF8A27 /* HomeViewController.swift in Sources */ = {isa = PBXBuildFile; fileRef = 04C70223270E2A9300FF8A27 /* HomeViewController.swift */; };
		04C70229270E2AA300FF8A27 /* Assets.xcassets in Resources */ = {isa = PBXBuildFile; fileRef = 04C70228270E2AA300FF8A27 /* Assets.xcassets */; };
		04C7022C270E2AA300FF8A27 /* LaunchScreen.storyboard in Resources */ = {isa = PBXBuildFile; fileRef = 04C7022A270E2AA300FF8A27 /* LaunchScreen.storyboard */; };
		04C70235270E2E6100FF8A27 /* CardViewModel.swift in Sources */ = {isa = PBXBuildFile; fileRef = 04C70234270E2E6000FF8A27 /* CardViewModel.swift */; };
		04C7023A270E2E6E00FF8A27 /* NSAttributedString + Extension.swift in Sources */ = {isa = PBXBuildFile; fileRef = 04C70237270E2E6E00FF8A27 /* NSAttributedString + Extension.swift */; };
		04C7023B270E2E6E00FF8A27 /* UIView + Extension.swift in Sources */ = {isa = PBXBuildFile; fileRef = 04C70238270E2E6E00FF8A27 /* UIView + Extension.swift */; };
		04C7023C270E2E6E00FF8A27 /* NSTextAttachment + Extension.swift in Sources */ = {isa = PBXBuildFile; fileRef = 04C70239270E2E6E00FF8A27 /* NSTextAttachment + Extension.swift */; };
		426743042888C88D0094BCD6 /* DetailTableViewCell.swift in Sources */ = {isa = PBXBuildFile; fileRef = 426743032888C88D0094BCD6 /* DetailTableViewCell.swift */; };
		426743062888C91E0094BCD6 /* DetailTableViewCellScreen.swift in Sources */ = {isa = PBXBuildFile; fileRef = 426743052888C91E0094BCD6 /* DetailTableViewCellScreen.swift */; };
		427BC968286B7363003C41F4 /* HomeViewControllerScreen.swift in Sources */ = {isa = PBXBuildFile; fileRef = 427BC967286B7363003C41F4 /* HomeViewControllerScreen.swift */; };
		427BC96C286B7E4C003C41F4 /* CarViewTableViewCell.swift in Sources */ = {isa = PBXBuildFile; fileRef = 427BC96B286B7E4C003C41F4 /* CarViewTableViewCell.swift */; };
		427BC96F286B7FC8003C41F4 /* CustomCardView.swift in Sources */ = {isa = PBXBuildFile; fileRef = 427BC96E286B7FC8003C41F4 /* CustomCardView.swift */; };
		42B2CBB62876445A00D7034F /* DetailViewController.swift in Sources */ = {isa = PBXBuildFile; fileRef = 42B2CBB52876445A00D7034F /* DetailViewController.swift */; };
		42B2CBB82876449400D7034F /* DetailScreen.swift in Sources */ = {isa = PBXBuildFile; fileRef = 42B2CBB72876449400D7034F /* DetailScreen.swift */; };
		42E9B41E286E5298000BBD18 /* CardActionView.swift in Sources */ = {isa = PBXBuildFile; fileRef = 42E9B41D286E5298000BBD18 /* CardActionView.swift */; };
/* End PBXBuildFile section */

/* Begin PBXFileReference section */
		04C7021C270E2A9200FF8A27 /* AppMusicBF.app */ = {isa = PBXFileReference; explicitFileType = wrapper.application; includeInIndex = 0; path = AppMusicBF.app; sourceTree = BUILT_PRODUCTS_DIR; };
		04C7021F270E2A9300FF8A27 /* AppDelegate.swift */ = {isa = PBXFileReference; lastKnownFileType = sourcecode.swift; path = AppDelegate.swift; sourceTree = "<group>"; };
		04C70221270E2A9300FF8A27 /* SceneDelegate.swift */ = {isa = PBXFileReference; lastKnownFileType = sourcecode.swift; path = SceneDelegate.swift; sourceTree = "<group>"; };
		04C70223270E2A9300FF8A27 /* HomeViewController.swift */ = {isa = PBXFileReference; lastKnownFileType = sourcecode.swift; path = HomeViewController.swift; sourceTree = "<group>"; };
		04C70228270E2AA300FF8A27 /* Assets.xcassets */ = {isa = PBXFileReference; lastKnownFileType = folder.assetcatalog; path = Assets.xcassets; sourceTree = "<group>"; };
		04C7022B270E2AA300FF8A27 /* Base */ = {isa = PBXFileReference; lastKnownFileType = file.storyboard; name = Base; path = Base.lproj/LaunchScreen.storyboard; sourceTree = "<group>"; };
		04C7022D270E2AA300FF8A27 /* Info.plist */ = {isa = PBXFileReference; lastKnownFileType = text.plist.xml; path = Info.plist; sourceTree = "<group>"; };
		04C70234270E2E6000FF8A27 /* CardViewModel.swift */ = {isa = PBXFileReference; fileEncoding = 4; lastKnownFileType = sourcecode.swift; path = CardViewModel.swift; sourceTree = "<group>"; };
		04C70237270E2E6E00FF8A27 /* NSAttributedString + Extension.swift */ = {isa = PBXFileReference; fileEncoding = 4; lastKnownFileType = sourcecode.swift; path = "NSAttributedString + Extension.swift"; sourceTree = "<group>"; };
		04C70238270E2E6E00FF8A27 /* UIView + Extension.swift */ = {isa = PBXFileReference; fileEncoding = 4; lastKnownFileType = sourcecode.swift; path = "UIView + Extension.swift"; sourceTree = "<group>"; };
		04C70239270E2E6E00FF8A27 /* NSTextAttachment + Extension.swift */ = {isa = PBXFileReference; fileEncoding = 4; lastKnownFileType = sourcecode.swift; path = "NSTextAttachment + Extension.swift"; sourceTree = "<group>"; };
		426743032888C88D0094BCD6 /* DetailTableViewCell.swift */ = {isa = PBXFileReference; lastKnownFileType = sourcecode.swift; path = DetailTableViewCell.swift; sourceTree = "<group>"; };
		426743052888C91E0094BCD6 /* DetailTableViewCellScreen.swift */ = {isa = PBXFileReference; lastKnownFileType = sourcecode.swift; path = DetailTableViewCellScreen.swift; sourceTree = "<group>"; };
		427BC967286B7363003C41F4 /* HomeViewControllerScreen.swift */ = {isa = PBXFileReference; lastKnownFileType = sourcecode.swift; path = HomeViewControllerScreen.swift; sourceTree = "<group>"; };
		427BC96B286B7E4C003C41F4 /* CarViewTableViewCell.swift */ = {isa = PBXFileReference; lastKnownFileType = sourcecode.swift; path = CarViewTableViewCell.swift; sourceTree = "<group>"; };
		427BC96E286B7FC8003C41F4 /* CustomCardView.swift */ = {isa = PBXFileReference; lastKnownFileType = sourcecode.swift; path = CustomCardView.swift; sourceTree = "<group>"; };
		42B2CBB52876445A00D7034F /* DetailViewController.swift */ = {isa = PBXFileReference; lastKnownFileType = sourcecode.swift; path = DetailViewController.swift; sourceTree = "<group>"; };
		42B2CBB72876449400D7034F /* DetailScreen.swift */ = {isa = PBXFileReference; lastKnownFileType = sourcecode.swift; path = DetailScreen.swift; sourceTree = "<group>"; };
		42E9B41D286E5298000BBD18 /* CardActionView.swift */ = {isa = PBXFileReference; lastKnownFileType = sourcecode.swift; path = CardActionView.swift; sourceTree = "<group>"; };
/* End PBXFileReference section */

/* Begin PBXFrameworksBuildPhase section */
		04C70219270E2A9200FF8A27 /* Frameworks */ = {
			isa = PBXFrameworksBuildPhase;
			buildActionMask = 2147483647;
			files = (
			);
			runOnlyForDeploymentPostprocessing = 0;
		};
/* End PBXFrameworksBuildPhase section */

/* Begin PBXGroup section */
		04C70213270E2A9200FF8A27 = {
			isa = PBXGroup;
			children = (
				04C7021E270E2A9200FF8A27 /* AppMusicBF */,
				04C7021D270E2A9200FF8A27 /* Products */,
			);
			sourceTree = "<group>";
		};
		04C7021D270E2A9200FF8A27 /* Products */ = {
			isa = PBXGroup;
			children = (
				04C7021C270E2A9200FF8A27 /* AppMusicBF.app */,
			);
			name = Products;
			sourceTree = "<group>";
		};
		04C7021E270E2A9200FF8A27 /* AppMusicBF */ = {
			isa = PBXGroup;
			children = (
				42B2CBB42876444600D7034F /* Detail  */,
				427BC966286B72BB003C41F4 /* Home */,
				04C70236270E2E6E00FF8A27 /* Extension */,
				04C70233270E2E6000FF8A27 /* Model */,
				04C7021F270E2A9300FF8A27 /* AppDelegate.swift */,
				04C70221270E2A9300FF8A27 /* SceneDelegate.swift */,
				04C70228270E2AA300FF8A27 /* Assets.xcassets */,
				04C7022A270E2AA300FF8A27 /* LaunchScreen.storyboard */,
				04C7022D270E2AA300FF8A27 /* Info.plist */,
			);
			path = AppMusicBF;
			sourceTree = "<group>";
		};
		04C70233270E2E6000FF8A27 /* Model */ = {
			isa = PBXGroup;
			children = (
				04C70234270E2E6000FF8A27 /* CardViewModel.swift */,
			);
			path = Model;
			sourceTree = "<group>";
		};
		04C70236270E2E6E00FF8A27 /* Extension */ = {
			isa = PBXGroup;
			children = (
				04C70237270E2E6E00FF8A27 /* NSAttributedString + Extension.swift */,
				04C70238270E2E6E00FF8A27 /* UIView + Extension.swift */,
				04C70239270E2E6E00FF8A27 /* NSTextAttachment + Extension.swift */,
			);
			path = Extension;
			sourceTree = "<group>";
		};
		426743022888C86E0094BCD6 /* Cell */ = {
			isa = PBXGroup;
			children = (
				426743032888C88D0094BCD6 /* DetailTableViewCell.swift */,
			);
			path = Cell;
			sourceTree = "<group>";
		};
		427BC966286B72BB003C41F4 /* Home */ = {
			isa = PBXGroup;
			children = (
				427BC96D286B7FAA003C41F4 /* CustomView */,
				427BC96A286B7E30003C41F4 /* Cell */,
				427BC969286B73A1003C41F4 /* Screen */,
				04C70223270E2A9300FF8A27 /* HomeViewController.swift */,
			);
			path = Home;
			sourceTree = "<group>";
		};
		427BC969286B73A1003C41F4 /* Screen */ = {
			isa = PBXGroup;
			children = (
				427BC967286B7363003C41F4 /* HomeViewControllerScreen.swift */,
			);
			path = Screen;
			sourceTree = "<group>";
		};
		427BC96A286B7E30003C41F4 /* Cell */ = {
			isa = PBXGroup;
			children = (
				427BC96B286B7E4C003C41F4 /* CarViewTableViewCell.swift */,
			);
			path = Cell;
			sourceTree = "<group>";
		};
		427BC96D286B7FAA003C41F4 /* CustomView */ = {
			isa = PBXGroup;
			children = (
				427BC96E286B7FC8003C41F4 /* CustomCardView.swift */,
				42E9B41D286E5298000BBD18 /* CardActionView.swift */,
			);
			path = CustomView;
			sourceTree = "<group>";
		};
		42B2CBB42876444600D7034F /* Detail  */ = {
			isa = PBXGroup;
			children = (
				426743022888C86E0094BCD6 /* Cell */,
				42B2CBB52876445A00D7034F /* DetailViewController.swift */,
				42B2CBB72876449400D7034F /* DetailScreen.swift */,
				426743052888C91E0094BCD6 /* DetailTableViewCellScreen.swift */,
			);
			path = "Detail ";
			sourceTree = "<group>";
		};
/* End PBXGroup section */

/* Begin PBXNativeTarget section */
		04C7021B270E2A9200FF8A27 /* AppMusicBF */ = {
			isa = PBXNativeTarget;
			buildConfigurationList = 04C70230270E2AA300FF8A27 /* Build configuration list for PBXNativeTarget "AppMusicBF" */;
			buildPhases = (
				04C70218270E2A9200FF8A27 /* Sources */,
				04C70219270E2A9200FF8A27 /* Frameworks */,
				04C7021A270E2A9200FF8A27 /* Resources */,
			);
			buildRules = (
			);
			dependencies = (
			);
			name = AppMusicBF;
			productName = AppMusicBF;
			productReference = 04C7021C270E2A9200FF8A27 /* AppMusicBF.app */;
			productType = "com.apple.product-type.application";
		};
/* End PBXNativeTarget section */

/* Begin PBXProject section */
		04C70214270E2A9200FF8A27 /* Project object */ = {
			isa = PBXProject;
			attributes = {
				BuildIndependentTargetsInParallel = 1;
				LastSwiftUpdateCheck = 1300;
				LastUpgradeCheck = 1300;
				TargetAttributes = {
					04C7021B270E2A9200FF8A27 = {
						CreatedOnToolsVersion = 13.0;
					};
				};
			};
			buildConfigurationList = 04C70217270E2A9200FF8A27 /* Build configuration list for PBXProject "AppMusicBF" */;
			compatibilityVersion = "Xcode 13.0";
			developmentRegion = en;
			hasScannedForEncodings = 0;
			knownRegions = (
				en,
				Base,
			);
			mainGroup = 04C70213270E2A9200FF8A27;
			productRefGroup = 04C7021D270E2A9200FF8A27 /* Products */;
			projectDirPath = "";
			projectRoot = "";
			targets = (
				04C7021B270E2A9200FF8A27 /* AppMusicBF */,
			);
		};
/* End PBXProject section */

/* Begin PBXResourcesBuildPhase section */
		04C7021A270E2A9200FF8A27 /* Resources */ = {
			isa = PBXResourcesBuildPhase;
			buildActionMask = 2147483647;
			files = (
				04C7022C270E2AA300FF8A27 /* LaunchScreen.storyboard in Resources */,
				04C70229270E2AA300FF8A27 /* Assets.xcassets in Resources */,
			);
			runOnlyForDeploymentPostprocessing = 0;
		};
/* End PBXResourcesBuildPhase section */

/* Begin PBXSourcesBuildPhase section */
		04C70218270E2A9200FF8A27 /* Sources */ = {
			isa = PBXSourcesBuildPhase;
			buildActionMask = 2147483647;
			files = (
				04C70235270E2E6100FF8A27 /* CardViewModel.swift in Sources */,
				427BC96C286B7E4C003C41F4 /* CarViewTableViewCell.swift in Sources */,
				426743062888C91E0094BCD6 /* DetailTableViewCellScreen.swift in Sources */,
				426743042888C88D0094BCD6 /* DetailTableViewCell.swift in Sources */,
				427BC968286B7363003C41F4 /* HomeViewControllerScreen.swift in Sources */,
				42B2CBB62876445A00D7034F /* DetailViewController.swift in Sources */,
				04C70224270E2A9300FF8A27 /* HomeViewController.swift in Sources */,
				04C7023C270E2E6E00FF8A27 /* NSTextAttachment + Extension.swift in Sources */,
				04C7023B270E2E6E00FF8A27 /* UIView + Extension.swift in Sources */,
				42E9B41E286E5298000BBD18 /* CardActionView.swift in Sources */,
				42B2CBB82876449400D7034F /* DetailScreen.swift in Sources */,
				04C70220270E2A9300FF8A27 /* AppDelegate.swift in Sources */,
				427BC96F286B7FC8003C41F4 /* CustomCardView.swift in Sources */,
				04C7023A270E2E6E00FF8A27 /* NSAttributedString + Extension.swift in Sources */,
				04C70222270E2A9300FF8A27 /* SceneDelegate.swift in Sources */,
			);
			runOnlyForDeploymentPostprocessing = 0;
		};
/* End PBXSourcesBuildPhase section */

/* Begin PBXVariantGroup section */
		04C7022A270E2AA300FF8A27 /* LaunchScreen.storyboard */ = {
			isa = PBXVariantGroup;
			children = (
				04C7022B270E2AA300FF8A27 /* Base */,
			);
			name = LaunchScreen.storyboard;
			sourceTree = "<group>";
		};
/* End PBXVariantGroup section */

/* Begin XCBuildConfiguration section */
		04C7022E270E2AA300FF8A27 /* Debug */ = {
			isa = XCBuildConfiguration;
			buildSettings = {
				ALWAYS_SEARCH_USER_PATHS = NO;
				CLANG_ANALYZER_NONNULL = YES;
				CLANG_ANALYZER_NUMBER_OBJECT_CONVERSION = YES_AGGRESSIVE;
				CLANG_CXX_LANGUAGE_STANDARD = "gnu++17";
				CLANG_CXX_LIBRARY = "libc++";
				CLANG_ENABLE_MODULES = YES;
				CLANG_ENABLE_OBJC_ARC = YES;
				CLANG_ENABLE_OBJC_WEAK = YES;
				CLANG_WARN_BLOCK_CAPTURE_AUTORELEASING = YES;
				CLANG_WARN_BOOL_CONVERSION = YES;
				CLANG_WARN_COMMA = YES;
				CLANG_WARN_CONSTANT_CONVERSION = YES;
				CLANG_WARN_DEPRECATED_OBJC_IMPLEMENTATIONS = YES;
				CLANG_WARN_DIRECT_OBJC_ISA_USAGE = YES_ERROR;
				CLANG_WARN_DOCUMENTATION_COMMENTS = YES;
				CLANG_WARN_EMPTY_BODY = YES;
				CLANG_WARN_ENUM_CONVERSION = YES;
				CLANG_WARN_INFINITE_RECURSION = YES;
				CLANG_WARN_INT_CONVERSION = YES;
				CLANG_WARN_NON_LITERAL_NULL_CONVERSION = YES;
				CLANG_WARN_OBJC_IMPLICIT_RETAIN_SELF = YES;
				CLANG_WARN_OBJC_LITERAL_CONVERSION = YES;
				CLANG_WARN_OBJC_ROOT_CLASS = YES_ERROR;
				CLANG_WARN_QUOTED_INCLUDE_IN_FRAMEWORK_HEADER = YES;
				CLANG_WARN_RANGE_LOOP_ANALYSIS = YES;
				CLANG_WARN_STRICT_PROTOTYPES = YES;
				CLANG_WARN_SUSPICIOUS_MOVE = YES;
				CLANG_WARN_UNGUARDED_AVAILABILITY = YES_AGGRESSIVE;
				CLANG_WARN_UNREACHABLE_CODE = YES;
				CLANG_WARN__DUPLICATE_METHOD_MATCH = YES;
				COPY_PHASE_STRIP = NO;
				DEBUG_INFORMATION_FORMAT = dwarf;
				ENABLE_STRICT_OBJC_MSGSEND = YES;
				ENABLE_TESTABILITY = YES;
				GCC_C_LANGUAGE_STANDARD = gnu11;
				GCC_DYNAMIC_NO_PIC = NO;
				GCC_NO_COMMON_BLOCKS = YES;
				GCC_OPTIMIZATION_LEVEL = 0;
				GCC_PREPROCESSOR_DEFINITIONS = (
					"DEBUG=1",
					"$(inherited)",
				);
				GCC_WARN_64_TO_32_BIT_CONVERSION = YES;
				GCC_WARN_ABOUT_RETURN_TYPE = YES_ERROR;
				GCC_WARN_UNDECLARED_SELECTOR = YES;
				GCC_WARN_UNINITIALIZED_AUTOS = YES_AGGRESSIVE;
				GCC_WARN_UNUSED_FUNCTION = YES;
				GCC_WARN_UNUSED_VARIABLE = YES;
				IPHONEOS_DEPLOYMENT_TARGET = 15.0;
				MTL_ENABLE_DEBUG_INFO = INCLUDE_SOURCE;
				MTL_FAST_MATH = YES;
				ONLY_ACTIVE_ARCH = YES;
				SDKROOT = iphoneos;
				SWIFT_ACTIVE_COMPILATION_CONDITIONS = DEBUG;
				SWIFT_OPTIMIZATION_LEVEL = "-Onone";
			};
			name = Debug;
		};
		04C7022F270E2AA300FF8A27 /* Release */ = {
			isa = XCBuildConfiguration;
			buildSettings = {
				ALWAYS_SEARCH_USER_PATHS = NO;
				CLANG_ANALYZER_NONNULL = YES;
				CLANG_ANALYZER_NUMBER_OBJECT_CONVERSION = YES_AGGRESSIVE;
				CLANG_CXX_LANGUAGE_STANDARD = "gnu++17";
				CLANG_CXX_LIBRARY = "libc++";
				CLANG_ENABLE_MODULES = YES;
				CLANG_ENABLE_OBJC_ARC = YES;
				CLANG_ENABLE_OBJC_WEAK = YES;
				CLANG_WARN_BLOCK_CAPTURE_AUTORELEASING = YES;
				CLANG_WARN_BOOL_CONVERSION = YES;
				CLANG_WARN_COMMA = YES;
				CLANG_WARN_CONSTANT_CONVERSION = YES;
				CLANG_WARN_DEPRECATED_OBJC_IMPLEMENTATIONS = YES;
				CLANG_WARN_DIRECT_OBJC_ISA_USAGE = YES_ERROR;
				CLANG_WARN_DOCUMENTATION_COMMENTS = YES;
				CLANG_WARN_EMPTY_BODY = YES;
				CLANG_WARN_ENUM_CONVERSION = YES;
				CLANG_WARN_INFINITE_RECURSION = YES;
				CLANG_WARN_INT_CONVERSION = YES;
				CLANG_WARN_NON_LITERAL_NULL_CONVERSION = YES;
				CLANG_WARN_OBJC_IMPLICIT_RETAIN_SELF = YES;
				CLANG_WARN_OBJC_LITERAL_CONVERSION = YES;
				CLANG_WARN_OBJC_ROOT_CLASS = YES_ERROR;
				CLANG_WARN_QUOTED_INCLUDE_IN_FRAMEWORK_HEADER = YES;
				CLANG_WARN_RANGE_LOOP_ANALYSIS = YES;
				CLANG_WARN_STRICT_PROTOTYPES = YES;
				CLANG_WARN_SUSPICIOUS_MOVE = YES;
				CLANG_WARN_UNGUARDED_AVAILABILITY = YES_AGGRESSIVE;
				CLANG_WARN_UNREACHABLE_CODE = YES;
				CLANG_WARN__DUPLICATE_METHOD_MATCH = YES;
				COPY_PHASE_STRIP = NO;
				DEBUG_INFORMATION_FORMAT = "dwarf-with-dsym";
				ENABLE_NS_ASSERTIONS = NO;
				ENABLE_STRICT_OBJC_MSGSEND = YES;
				GCC_C_LANGUAGE_STANDARD = gnu11;
				GCC_NO_COMMON_BLOCKS = YES;
				GCC_WARN_64_TO_32_BIT_CONVERSION = YES;
				GCC_WARN_ABOUT_RETURN_TYPE = YES_ERROR;
				GCC_WARN_UNDECLARED_SELECTOR = YES;
				GCC_WARN_UNINITIALIZED_AUTOS = YES_AGGRESSIVE;
				GCC_WARN_UNUSED_FUNCTION = YES;
				GCC_WARN_UNUSED_VARIABLE = YES;
				IPHONEOS_DEPLOYMENT_TARGET = 15.0;
				MTL_ENABLE_DEBUG_INFO = NO;
				MTL_FAST_MATH = YES;
				SDKROOT = iphoneos;
				SWIFT_COMPILATION_MODE = wholemodule;
				SWIFT_OPTIMIZATION_LEVEL = "-O";
				VALIDATE_PRODUCT = YES;
			};
			name = Release;
		};
		04C70231270E2AA300FF8A27 /* Debug */ = {
			isa = XCBuildConfiguration;
			buildSettings = {
				ASSETCATALOG_COMPILER_APPICON_NAME = AppIcon;
				ASSETCATALOG_COMPILER_GLOBAL_ACCENT_COLOR_NAME = AccentColor;
				CODE_SIGN_STYLE = Automatic;
				CURRENT_PROJECT_VERSION = 1;
				GENERATE_INFOPLIST_FILE = YES;
				INFOPLIST_FILE = AppMusicBF/Info.plist;
				INFOPLIST_KEY_UIApplicationSupportsIndirectInputEvents = YES;
				INFOPLIST_KEY_UILaunchStoryboardName = LaunchScreen;
				INFOPLIST_KEY_UISupportedInterfaceOrientations_iPad = "UIInterfaceOrientationPortrait UIInterfaceOrientationPortraitUpsideDown UIInterfaceOrientationLandscapeLeft UIInterfaceOrientationLandscapeRight";
				INFOPLIST_KEY_UISupportedInterfaceOrientations_iPhone = "UIInterfaceOrientationPortrait UIInterfaceOrientationLandscapeLeft UIInterfaceOrientationLandscapeRight";
				LD_RUNPATH_SEARCH_PATHS = (
					"$(inherited)",
					"@executable_path/Frameworks",
				);
				MARKETING_VERSION = 1.0;
				PRODUCT_BUNDLE_IDENTIFIER = BackFront.AppMusicBF;
				PRODUCT_NAME = "$(TARGET_NAME)";
				SWIFT_EMIT_LOC_STRINGS = YES;
				SWIFT_VERSION = 5.0;
				TARGETED_DEVICE_FAMILY = "1,2";
			};
			name = Debug;
		};
		04C70232270E2AA300FF8A27 /* Release */ = {
			isa = XCBuildConfiguration;
			buildSettings = {
				ASSETCATALOG_COMPILER_APPICON_NAME = AppIcon;
				ASSETCATALOG_COMPILER_GLOBAL_ACCENT_COLOR_NAME = AccentColor;
				CODE_SIGN_STYLE = Automatic;
				CURRENT_PROJECT_VERSION = 1;
				GENERATE_INFOPLIST_FILE = YES;
				INFOPLIST_FILE = AppMusicBF/Info.plist;
				INFOPLIST_KEY_UIApplicationSupportsIndirectInputEvents = YES;
				INFOPLIST_KEY_UILaunchStoryboardName = LaunchScreen;
				INFOPLIST_KEY_UISupportedInterfaceOrientations_iPad = "UIInterfaceOrientationPortrait UIInterfaceOrientationPortraitUpsideDown UIInterfaceOrientationLandscapeLeft UIInterfaceOrientationLandscapeRight";
				INFOPLIST_KEY_UISupportedInterfaceOrientations_iPhone = "UIInterfaceOrientationPortrait UIInterfaceOrientationLandscapeLeft UIInterfaceOrientationLandscapeRight";
				LD_RUNPATH_SEARCH_PATHS = (
					"$(inherited)",
					"@executable_path/Frameworks",
				);
				MARKETING_VERSION = 1.0;
				PRODUCT_BUNDLE_IDENTIFIER = BackFront.AppMusicBF;
				PRODUCT_NAME = "$(TARGET_NAME)";
				SWIFT_EMIT_LOC_STRINGS = YES;
				SWIFT_VERSION = 5.0;
				TARGETED_DEVICE_FAMILY = "1,2";
			};
			name = Release;
		};
/* End XCBuildConfiguration section */

/* Begin XCConfigurationList section */
		04C70217270E2A9200FF8A27 /* Build configuration list for PBXProject "AppMusicBF" */ = {
			isa = XCConfigurationList;
			buildConfigurations = (
				04C7022E270E2AA300FF8A27 /* Debug */,
				04C7022F270E2AA300FF8A27 /* Release */,
			);
			defaultConfigurationIsVisible = 0;
			defaultConfigurationName = Release;
		};
		04C70230270E2AA300FF8A27 /* Build configuration list for PBXNativeTarget "AppMusicBF" */ = {
			isa = XCConfigurationList;
			buildConfigurations = (
				04C70231270E2AA300FF8A27 /* Debug */,
				04C70232270E2AA300FF8A27 /* Release */,
			);
			defaultConfigurationIsVisible = 0;
			defaultConfigurationName = Release;
		};
/* End XCConfigurationList section */
	};
	rootObject = 04C70214270E2A9200FF8A27 /* Project object */;
}
